// !$*UTF8*$!
{
	archiveVersion = 1;
	classes = {
	};
	objectVersion = 51;
	objects = {

/* Begin PBXBuildFile section */
		1595B8BB8DCD2762129F94A3 /* libPods-ResourceBox.a in Frameworks */ = {isa = PBXBuildFile; fileRef = F57E1A2A00F57401B6EBB773 /* libPods-ResourceBox.a */; };
		AC38209325CEA191004ECB23 /* NSArray+RBAdd.m in Sources */ = {isa = PBXBuildFile; fileRef = AC6E5EC725CC32FF00D77430 /* NSArray+RBAdd.m */; };
		AC38209425CEA191004ECB23 /* NSDictionary+RBAdd.m in Sources */ = {isa = PBXBuildFile; fileRef = AC6E5ECC25CC32FF00D77430 /* NSDictionary+RBAdd.m */; };
		AC38209525CEA191004ECB23 /* NSError+RBAdd.m in Sources */ = {isa = PBXBuildFile; fileRef = AC6E5EC925CC32FF00D77430 /* NSError+RBAdd.m */; };
		AC38209625CEA191004ECB23 /* NSObject+RBAdd.m in Sources */ = {isa = PBXBuildFile; fileRef = AC6E5EC425CC32FF00D77430 /* NSObject+RBAdd.m */; };
		AC38209725CEA191004ECB23 /* NSString+RBAdd.m in Sources */ = {isa = PBXBuildFile; fileRef = AC6E5ECB25CC32FF00D77430 /* NSString+RBAdd.m */; };
		AC38209825CEA191004ECB23 /* UIColor+RBAdd.m in Sources */ = {isa = PBXBuildFile; fileRef = AC6E5EEC25CC334600D77430 /* UIColor+RBAdd.m */; };
		AC38209D25CEA19B004ECB23 /* NSArray+YYAdd.m in Sources */ = {isa = PBXBuildFile; fileRef = AC6E5F1025CC351B00D77430 /* NSArray+YYAdd.m */; };
		AC38209E25CEA19B004ECB23 /* NSBundle+YYAdd.m in Sources */ = {isa = PBXBuildFile; fileRef = AC6E5F1625CC351B00D77430 /* NSBundle+YYAdd.m */; };
		AC38209F25CEA19B004ECB23 /* NSData+YYAdd.m in Sources */ = {isa = PBXBuildFile; fileRef = AC6E5F1A25CC351B00D77430 /* NSData+YYAdd.m */; };
		AC3820A025CEA19B004ECB23 /* NSDate+YYAdd.m in Sources */ = {isa = PBXBuildFile; fileRef = AC6E5F2225CC351B00D77430 /* NSDate+YYAdd.m */; };
		AC3820A125CEA19B004ECB23 /* NSDictionary+YYAdd.m in Sources */ = {isa = PBXBuildFile; fileRef = AC6E5F2825CC351B00D77430 /* NSDictionary+YYAdd.m */; };
		AC3820A225CEA19B004ECB23 /* NSKeyedUnarchiver+YYAdd.m in Sources */ = {isa = PBXBuildFile; fileRef = AC6E5F1D25CC351B00D77430 /* NSKeyedUnarchiver+YYAdd.m */; };
		AC3820A325CEA19B004ECB23 /* NSNotificationCenter+YYAdd.m in Sources */ = {isa = PBXBuildFile; fileRef = AC6E5F2625CC351B00D77430 /* NSNotificationCenter+YYAdd.m */; };
		AC3820A425CEA19B004ECB23 /* NSNumber+YYAdd.m in Sources */ = {isa = PBXBuildFile; fileRef = AC6E5F1125CC351B00D77430 /* NSNumber+YYAdd.m */; };
		AC3820A525CEA19B004ECB23 /* NSObject+YYAdd.m in Sources */ = {isa = PBXBuildFile; fileRef = AC6E5F1725CC351B00D77430 /* NSObject+YYAdd.m */; };
		AC3820A625CEA19B004ECB23 /* NSObject+YYAddForARC.m in Sources */ = {isa = PBXBuildFile; fileRef = AC6E5F2125CC351B00D77430 /* NSObject+YYAddForARC.m */; settings = {COMPILER_FLAGS = "-fno-objc-arc"; }; };
		AC3820A725CEA19B004ECB23 /* NSObject+YYAddForKVO.m in Sources */ = {isa = PBXBuildFile; fileRef = AC6E5F2B25CC351B00D77430 /* NSObject+YYAddForKVO.m */; };
		AC3820A825CEA19B004ECB23 /* NSString+YYAdd.m in Sources */ = {isa = PBXBuildFile; fileRef = AC6E5F2425CC351B00D77430 /* NSString+YYAdd.m */; };
		AC3820A925CEA19B004ECB23 /* NSThread+YYAdd.m in Sources */ = {isa = PBXBuildFile; fileRef = AC6E5F1B25CC351B00D77430 /* NSThread+YYAdd.m */; settings = {COMPILER_FLAGS = "-fno-objc-arc"; }; };
		AC3820AA25CEA19B004ECB23 /* NSTimer+YYAdd.m in Sources */ = {isa = PBXBuildFile; fileRef = AC6E5F1E25CC351B00D77430 /* NSTimer+YYAdd.m */; };
		AC3820BF25CEA236004ECB23 /* RBExceptionManager.m in Sources */ = {isa = PBXBuildFile; fileRef = AC6E5E9E25CC32FF00D77430 /* RBExceptionManager.m */; };
		AC3820C025CEA236004ECB23 /* RBFileManager.m in Sources */ = {isa = PBXBuildFile; fileRef = AC6E5E9525CC32FF00D77430 /* RBFileManager.m */; };
		AC3820C125CEA236004ECB23 /* RBLogManager.m in Sources */ = {isa = PBXBuildFile; fileRef = AC6E5EB925CC32FF00D77430 /* RBLogManager.m */; };
		AC3820C225CEA236004ECB23 /* RBUtilityManager.m in Sources */ = {isa = PBXBuildFile; fileRef = AC6E5E9725CC32FF00D77430 /* RBUtilityManager.m */; };
		AC3820C325CEA236004ECB23 /* RBHTTPManager.m in Sources */ = {isa = PBXBuildFile; fileRef = AC6E5EAD25CC32FF00D77430 /* RBHTTPManager.m */; };
		AC3820C425CEA236004ECB23 /* RBSettingManager.m in Sources */ = {isa = PBXBuildFile; fileRef = AC6E5EB825CC32FF00D77430 /* RBSettingManager.m */; };
		AC3820C525CEA236004ECB23 /* RBSQLiteSettingManager.m in Sources */ = {isa = PBXBuildFile; fileRef = AC6E5EBB25CC32FF00D77430 /* RBSQLiteSettingManager.m */; };
		AC3820DE25CEBC4E004ECB23 /* RBShareTextModel.m in Sources */ = {isa = PBXBuildFile; fileRef = AC3820DD25CEBC4E004ECB23 /* RBShareTextModel.m */; };
		AC6E5ED025CC32FF00D77430 /* RBFileManager.m in Sources */ = {isa = PBXBuildFile; fileRef = AC6E5E9525CC32FF00D77430 /* RBFileManager.m */; };
		AC6E5ED125CC32FF00D77430 /* RBUtilityManager.m in Sources */ = {isa = PBXBuildFile; fileRef = AC6E5E9725CC32FF00D77430 /* RBUtilityManager.m */; };
		AC6E5ED325CC32FF00D77430 /* RBExceptionManager.m in Sources */ = {isa = PBXBuildFile; fileRef = AC6E5E9E25CC32FF00D77430 /* RBExceptionManager.m */; };
		AC6E5EDA25CC32FF00D77430 /* RBHTTPManager.m in Sources */ = {isa = PBXBuildFile; fileRef = AC6E5EAD25CC32FF00D77430 /* RBHTTPManager.m */; };
		AC6E5EDE25CC32FF00D77430 /* RBSettingManager.m in Sources */ = {isa = PBXBuildFile; fileRef = AC6E5EB825CC32FF00D77430 /* RBSettingManager.m */; };
		AC6E5EDF25CC32FF00D77430 /* RBLogManager.m in Sources */ = {isa = PBXBuildFile; fileRef = AC6E5EB925CC32FF00D77430 /* RBLogManager.m */; };
		AC6E5EE025CC32FF00D77430 /* RBSQLiteSettingManager.m in Sources */ = {isa = PBXBuildFile; fileRef = AC6E5EBB25CC32FF00D77430 /* RBSQLiteSettingManager.m */; };
		AC6E5EE125CC32FF00D77430 /* NSObject+RBAdd.m in Sources */ = {isa = PBXBuildFile; fileRef = AC6E5EC425CC32FF00D77430 /* NSObject+RBAdd.m */; };
		AC6E5EE225CC32FF00D77430 /* NSArray+RBAdd.m in Sources */ = {isa = PBXBuildFile; fileRef = AC6E5EC725CC32FF00D77430 /* NSArray+RBAdd.m */; };
		AC6E5EE325CC32FF00D77430 /* NSError+RBAdd.m in Sources */ = {isa = PBXBuildFile; fileRef = AC6E5EC925CC32FF00D77430 /* NSError+RBAdd.m */; };
		AC6E5EE425CC32FF00D77430 /* NSString+RBAdd.m in Sources */ = {isa = PBXBuildFile; fileRef = AC6E5ECB25CC32FF00D77430 /* NSString+RBAdd.m */; };
		AC6E5EE525CC32FF00D77430 /* NSDictionary+RBAdd.m in Sources */ = {isa = PBXBuildFile; fileRef = AC6E5ECC25CC32FF00D77430 /* NSDictionary+RBAdd.m */; };
		AC6E5EED25CC334600D77430 /* UIColor+RBAdd.m in Sources */ = {isa = PBXBuildFile; fileRef = AC6E5EEC25CC334600D77430 /* UIColor+RBAdd.m */; };
		AC6E5F3325CC351B00D77430 /* NSArray+YYAdd.m in Sources */ = {isa = PBXBuildFile; fileRef = AC6E5F1025CC351B00D77430 /* NSArray+YYAdd.m */; };
		AC6E5F3425CC351B00D77430 /* NSNumber+YYAdd.m in Sources */ = {isa = PBXBuildFile; fileRef = AC6E5F1125CC351B00D77430 /* NSNumber+YYAdd.m */; };
		AC6E5F3525CC351B00D77430 /* NSBundle+YYAdd.m in Sources */ = {isa = PBXBuildFile; fileRef = AC6E5F1625CC351B00D77430 /* NSBundle+YYAdd.m */; };
		AC6E5F3625CC351B00D77430 /* NSObject+YYAdd.m in Sources */ = {isa = PBXBuildFile; fileRef = AC6E5F1725CC351B00D77430 /* NSObject+YYAdd.m */; };
		AC6E5F3725CC351B00D77430 /* NSData+YYAdd.m in Sources */ = {isa = PBXBuildFile; fileRef = AC6E5F1A25CC351B00D77430 /* NSData+YYAdd.m */; };
		AC6E5F3825CC351B00D77430 /* NSThread+YYAdd.m in Sources */ = {isa = PBXBuildFile; fileRef = AC6E5F1B25CC351B00D77430 /* NSThread+YYAdd.m */; settings = {COMPILER_FLAGS = "-fno-objc-arc"; }; };
		AC6E5F3925CC351B00D77430 /* NSKeyedUnarchiver+YYAdd.m in Sources */ = {isa = PBXBuildFile; fileRef = AC6E5F1D25CC351B00D77430 /* NSKeyedUnarchiver+YYAdd.m */; };
		AC6E5F3A25CC351B00D77430 /* NSTimer+YYAdd.m in Sources */ = {isa = PBXBuildFile; fileRef = AC6E5F1E25CC351B00D77430 /* NSTimer+YYAdd.m */; };
		AC6E5F3B25CC351B00D77430 /* NSObject+YYAddForARC.m in Sources */ = {isa = PBXBuildFile; fileRef = AC6E5F2125CC351B00D77430 /* NSObject+YYAddForARC.m */; settings = {COMPILER_FLAGS = "-fno-objc-arc"; }; };
		AC6E5F3C25CC351B00D77430 /* NSDate+YYAdd.m in Sources */ = {isa = PBXBuildFile; fileRef = AC6E5F2225CC351B00D77430 /* NSDate+YYAdd.m */; };
		AC6E5F3D25CC351B00D77430 /* NSString+YYAdd.m in Sources */ = {isa = PBXBuildFile; fileRef = AC6E5F2425CC351B00D77430 /* NSString+YYAdd.m */; };
		AC6E5F3E25CC351B00D77430 /* NSNotificationCenter+YYAdd.m in Sources */ = {isa = PBXBuildFile; fileRef = AC6E5F2625CC351B00D77430 /* NSNotificationCenter+YYAdd.m */; };
		AC6E5F3F25CC351B00D77430 /* NSDictionary+YYAdd.m in Sources */ = {isa = PBXBuildFile; fileRef = AC6E5F2825CC351B00D77430 /* NSDictionary+YYAdd.m */; };
		AC6E5F4025CC351B00D77430 /* NSObject+YYAddForKVO.m in Sources */ = {isa = PBXBuildFile; fileRef = AC6E5F2B25CC351B00D77430 /* NSObject+YYAddForKVO.m */; };
		AC6E5F4125CC351B00D77430 /* XMLReader.m in Sources */ = {isa = PBXBuildFile; fileRef = AC6E5F2F25CC351B00D77430 /* XMLReader.m */; };
		AC6E5F9125CC4CF800D77430 /* RBShareViewController.m in Sources */ = {isa = PBXBuildFile; fileRef = AC6E5F8F25CC4CF800D77430 /* RBShareViewController.m */; };
		AC6E5F9225CC4CF800D77430 /* RBShareViewController.xib in Resources */ = {isa = PBXBuildFile; fileRef = AC6E5F9025CC4CF800D77430 /* RBShareViewController.xib */; };
		AC89B05F25C9A48500BA2AA4 /* AppDelegate.m in Sources */ = {isa = PBXBuildFile; fileRef = AC89B05E25C9A48500BA2AA4 /* AppDelegate.m */; };
		AC89B06225C9A48500BA2AA4 /* SceneDelegate.m in Sources */ = {isa = PBXBuildFile; fileRef = AC89B06125C9A48500BA2AA4 /* SceneDelegate.m */; };
		AC89B06525C9A48500BA2AA4 /* ViewController.m in Sources */ = {isa = PBXBuildFile; fileRef = AC89B06425C9A48500BA2AA4 /* ViewController.m */; };
		AC89B06825C9A48500BA2AA4 /* Main.storyboard in Resources */ = {isa = PBXBuildFile; fileRef = AC89B06625C9A48500BA2AA4 /* Main.storyboard */; };
		AC89B06A25C9A48700BA2AA4 /* Assets.xcassets in Resources */ = {isa = PBXBuildFile; fileRef = AC89B06925C9A48700BA2AA4 /* Assets.xcassets */; };
		AC89B06D25C9A48700BA2AA4 /* LaunchScreen.storyboard in Resources */ = {isa = PBXBuildFile; fileRef = AC89B06B25C9A48700BA2AA4 /* LaunchScreen.storyboard */; };
		AC89B07025C9A48700BA2AA4 /* main.m in Sources */ = {isa = PBXBuildFile; fileRef = AC89B06F25C9A48700BA2AA4 /* main.m */; };
		AC89B07A25C9A48800BA2AA4 /* ResourceBoxTests.m in Sources */ = {isa = PBXBuildFile; fileRef = AC89B07925C9A48800BA2AA4 /* ResourceBoxTests.m */; };
		AC89B08525C9A48800BA2AA4 /* ResourceBoxUITests.m in Sources */ = {isa = PBXBuildFile; fileRef = AC89B08425C9A48800BA2AA4 /* ResourceBoxUITests.m */; };
		ACD0A23625CAF55400DB9DA5 /* ShareViewController.m in Sources */ = {isa = PBXBuildFile; fileRef = ACD0A23525CAF55400DB9DA5 /* ShareViewController.m */; };
		ACD0A23925CAF55400DB9DA5 /* MainInterface.storyboard in Resources */ = {isa = PBXBuildFile; fileRef = ACD0A23725CAF55400DB9DA5 /* MainInterface.storyboard */; };
		ACD0A23D25CAF55400DB9DA5 /* RBShareExtension.appex in Embed App Extensions */ = {isa = PBXBuildFile; fileRef = ACD0A23225CAF55400DB9DA5 /* RBShareExtension.appex */; settings = {ATTRIBUTES = (RemoveHeadersOnCopy, ); }; };
		E7136A26835BDFADF2D96D83 /* libPods-RBShareExtension.a in Frameworks */ = {isa = PBXBuildFile; fileRef = 69D0BC616DD363473A74398A /* libPods-RBShareExtension.a */; };
/* End PBXBuildFile section */

/* Begin PBXContainerItemProxy section */
		AC89B07625C9A48800BA2AA4 /* PBXContainerItemProxy */ = {
			isa = PBXContainerItemProxy;
			containerPortal = AC89B05225C9A48500BA2AA4 /* Project object */;
			proxyType = 1;
			remoteGlobalIDString = AC89B05925C9A48500BA2AA4;
			remoteInfo = ResourceBox;
		};
		AC89B08125C9A48800BA2AA4 /* PBXContainerItemProxy */ = {
			isa = PBXContainerItemProxy;
			containerPortal = AC89B05225C9A48500BA2AA4 /* Project object */;
			proxyType = 1;
			remoteGlobalIDString = AC89B05925C9A48500BA2AA4;
			remoteInfo = ResourceBox;
		};
		ACD0A23B25CAF55400DB9DA5 /* PBXContainerItemProxy */ = {
			isa = PBXContainerItemProxy;
			containerPortal = AC89B05225C9A48500BA2AA4 /* Project object */;
			proxyType = 1;
			remoteGlobalIDString = ACD0A23125CAF55400DB9DA5;
			remoteInfo = RBShareExtension;
		};
/* End PBXContainerItemProxy section */

/* Begin PBXCopyFilesBuildPhase section */
		AC89B0CF25C9A90900BA2AA4 /* Embed App Extensions */ = {
			isa = PBXCopyFilesBuildPhase;
			buildActionMask = 2147483647;
			dstPath = "";
			dstSubfolderSpec = 13;
			files = (
				ACD0A23D25CAF55400DB9DA5 /* RBShareExtension.appex in Embed App Extensions */,
			);
			name = "Embed App Extensions";
			runOnlyForDeploymentPostprocessing = 0;
		};
/* End PBXCopyFilesBuildPhase section */

/* Begin PBXFileReference section */
		443ECD9118C6053C2785C383 /* Pods-ResourceBox.release.xcconfig */ = {isa = PBXFileReference; includeInIndex = 1; lastKnownFileType = text.xcconfig; name = "Pods-ResourceBox.release.xcconfig"; path = "Target Support Files/Pods-ResourceBox/Pods-ResourceBox.release.xcconfig"; sourceTree = "<group>"; };
		58913FA3D7E31C8C4431D386 /* Pods-RBShareExtension.debug.xcconfig */ = {isa = PBXFileReference; includeInIndex = 1; lastKnownFileType = text.xcconfig; name = "Pods-RBShareExtension.debug.xcconfig"; path = "Target Support Files/Pods-RBShareExtension/Pods-RBShareExtension.debug.xcconfig"; sourceTree = "<group>"; };
		58E18A5CB512625D10CA9A44 /* Pods-ResourceBox.debug.xcconfig */ = {isa = PBXFileReference; includeInIndex = 1; lastKnownFileType = text.xcconfig; name = "Pods-ResourceBox.debug.xcconfig"; path = "Target Support Files/Pods-ResourceBox/Pods-ResourceBox.debug.xcconfig"; sourceTree = "<group>"; };
		69D0BC616DD363473A74398A /* libPods-RBShareExtension.a */ = {isa = PBXFileReference; explicitFileType = archive.ar; includeInIndex = 0; path = "libPods-RBShareExtension.a"; sourceTree = BUILT_PRODUCTS_DIR; };
		AC38209225CEA163004ECB23 /* RBShareExtension-Prefix.pch */ = {isa = PBXFileReference; lastKnownFileType = sourcecode.c.h; path = "RBShareExtension-Prefix.pch"; sourceTree = "<group>"; };
		AC3820DC25CEBC4E004ECB23 /* RBShareTextModel.h */ = {isa = PBXFileReference; lastKnownFileType = sourcecode.c.h; path = RBShareTextModel.h; sourceTree = "<group>"; };
		AC3820DD25CEBC4E004ECB23 /* RBShareTextModel.m */ = {isa = PBXFileReference; lastKnownFileType = sourcecode.c.objc; path = RBShareTextModel.m; sourceTree = "<group>"; };
		AC6E5E9525CC32FF00D77430 /* RBFileManager.m */ = {isa = PBXFileReference; fileEncoding = 4; lastKnownFileType = sourcecode.c.objc; path = RBFileManager.m; sourceTree = "<group>"; };
		AC6E5E9625CC32FF00D77430 /* RBExceptionManager.h */ = {isa = PBXFileReference; fileEncoding = 4; lastKnownFileType = sourcecode.c.h; path = RBExceptionManager.h; sourceTree = "<group>"; };
		AC6E5E9725CC32FF00D77430 /* RBUtilityManager.m */ = {isa = PBXFileReference; fileEncoding = 4; lastKnownFileType = sourcecode.c.objc; path = RBUtilityManager.m; sourceTree = "<group>"; };
		AC6E5E9B25CC32FF00D77430 /* RBLogManager.h */ = {isa = PBXFileReference; fileEncoding = 4; lastKnownFileType = sourcecode.c.h; path = RBLogManager.h; sourceTree = "<group>"; };
		AC6E5E9D25CC32FF00D77430 /* RBUtilityManager.h */ = {isa = PBXFileReference; fileEncoding = 4; lastKnownFileType = sourcecode.c.h; path = RBUtilityManager.h; sourceTree = "<group>"; };
		AC6E5E9E25CC32FF00D77430 /* RBExceptionManager.m */ = {isa = PBXFileReference; fileEncoding = 4; lastKnownFileType = sourcecode.c.objc; path = RBExceptionManager.m; sourceTree = "<group>"; };
		AC6E5E9F25CC32FF00D77430 /* RBFileManager.h */ = {isa = PBXFileReference; fileEncoding = 4; lastKnownFileType = sourcecode.c.h; path = RBFileManager.h; sourceTree = "<group>"; };
		AC6E5EAD25CC32FF00D77430 /* RBHTTPManager.m */ = {isa = PBXFileReference; fileEncoding = 4; lastKnownFileType = sourcecode.c.objc; path = RBHTTPManager.m; sourceTree = "<group>"; };
		AC6E5EAE25CC32FF00D77430 /* RBHTTPHeader.h */ = {isa = PBXFileReference; fileEncoding = 4; lastKnownFileType = sourcecode.c.h; path = RBHTTPHeader.h; sourceTree = "<group>"; };
		AC6E5EAF25CC32FF00D77430 /* RBHTTPManager.h */ = {isa = PBXFileReference; fileEncoding = 4; lastKnownFileType = sourcecode.c.h; path = RBHTTPManager.h; sourceTree = "<group>"; };
		AC6E5EB725CC32FF00D77430 /* RBSettingManager.h */ = {isa = PBXFileReference; fileEncoding = 4; lastKnownFileType = sourcecode.c.h; path = RBSettingManager.h; sourceTree = "<group>"; };
		AC6E5EB825CC32FF00D77430 /* RBSettingManager.m */ = {isa = PBXFileReference; fileEncoding = 4; lastKnownFileType = sourcecode.c.objc; path = RBSettingManager.m; sourceTree = "<group>"; };
		AC6E5EB925CC32FF00D77430 /* RBLogManager.m */ = {isa = PBXFileReference; fileEncoding = 4; lastKnownFileType = sourcecode.c.objc; path = RBLogManager.m; sourceTree = "<group>"; };
		AC6E5EBB25CC32FF00D77430 /* RBSQLiteSettingManager.m */ = {isa = PBXFileReference; fileEncoding = 4; lastKnownFileType = sourcecode.c.objc; path = RBSQLiteSettingManager.m; sourceTree = "<group>"; };
		AC6E5EBC25CC32FF00D77430 /* RBSQLiteHeader.h */ = {isa = PBXFileReference; fileEncoding = 4; lastKnownFileType = sourcecode.c.h; path = RBSQLiteHeader.h; sourceTree = "<group>"; };
		AC6E5EBD25CC32FF00D77430 /* RBSQLiteSettingManager.h */ = {isa = PBXFileReference; fileEncoding = 4; lastKnownFileType = sourcecode.c.h; path = RBSQLiteSettingManager.h; sourceTree = "<group>"; };
		AC6E5EBF25CC32FF00D77430 /* RBOCHeader.h */ = {isa = PBXFileReference; fileEncoding = 4; lastKnownFileType = sourcecode.c.h; path = RBOCHeader.h; sourceTree = "<group>"; };
		AC6E5EC025CC32FF00D77430 /* RBCategoriesHeader.h */ = {isa = PBXFileReference; fileEncoding = 4; lastKnownFileType = sourcecode.c.h; path = RBCategoriesHeader.h; sourceTree = "<group>"; };
		AC6E5EC125CC32FF00D77430 /* RBConstHeader.h */ = {isa = PBXFileReference; fileEncoding = 4; lastKnownFileType = sourcecode.c.h; path = RBConstHeader.h; sourceTree = "<group>"; };
		AC6E5EC225CC32FF00D77430 /* RBManagersHeader.h */ = {isa = PBXFileReference; fileEncoding = 4; lastKnownFileType = sourcecode.c.h; path = RBManagersHeader.h; sourceTree = "<group>"; };
		AC6E5EC425CC32FF00D77430 /* NSObject+RBAdd.m */ = {isa = PBXFileReference; fileEncoding = 4; lastKnownFileType = sourcecode.c.objc; path = "NSObject+RBAdd.m"; sourceTree = "<group>"; };
		AC6E5EC525CC32FF00D77430 /* NSString+RBAdd.h */ = {isa = PBXFileReference; fileEncoding = 4; lastKnownFileType = sourcecode.c.h; path = "NSString+RBAdd.h"; sourceTree = "<group>"; };
		AC6E5EC625CC32FF00D77430 /* NSDictionary+RBAdd.h */ = {isa = PBXFileReference; fileEncoding = 4; lastKnownFileType = sourcecode.c.h; path = "NSDictionary+RBAdd.h"; sourceTree = "<group>"; };
		AC6E5EC725CC32FF00D77430 /* NSArray+RBAdd.m */ = {isa = PBXFileReference; fileEncoding = 4; lastKnownFileType = sourcecode.c.objc; path = "NSArray+RBAdd.m"; sourceTree = "<group>"; };
		AC6E5EC925CC32FF00D77430 /* NSError+RBAdd.m */ = {isa = PBXFileReference; fileEncoding = 4; lastKnownFileType = sourcecode.c.objc; path = "NSError+RBAdd.m"; sourceTree = "<group>"; };
		AC6E5ECA25CC32FF00D77430 /* NSObject+RBAdd.h */ = {isa = PBXFileReference; fileEncoding = 4; lastKnownFileType = sourcecode.c.h; path = "NSObject+RBAdd.h"; sourceTree = "<group>"; };
		AC6E5ECB25CC32FF00D77430 /* NSString+RBAdd.m */ = {isa = PBXFileReference; fileEncoding = 4; lastKnownFileType = sourcecode.c.objc; path = "NSString+RBAdd.m"; sourceTree = "<group>"; };
		AC6E5ECC25CC32FF00D77430 /* NSDictionary+RBAdd.m */ = {isa = PBXFileReference; fileEncoding = 4; lastKnownFileType = sourcecode.c.objc; path = "NSDictionary+RBAdd.m"; sourceTree = "<group>"; };
		AC6E5ECD25CC32FF00D77430 /* NSArray+RBAdd.h */ = {isa = PBXFileReference; fileEncoding = 4; lastKnownFileType = sourcecode.c.h; path = "NSArray+RBAdd.h"; sourceTree = "<group>"; };
		AC6E5ECE25CC32FF00D77430 /* NSError+RBAdd.h */ = {isa = PBXFileReference; fileEncoding = 4; lastKnownFileType = sourcecode.c.h; path = "NSError+RBAdd.h"; sourceTree = "<group>"; };
		AC6E5EEB25CC334600D77430 /* UIColor+RBAdd.h */ = {isa = PBXFileReference; lastKnownFileType = sourcecode.c.h; path = "UIColor+RBAdd.h"; sourceTree = "<group>"; };
		AC6E5EEC25CC334600D77430 /* UIColor+RBAdd.m */ = {isa = PBXFileReference; lastKnownFileType = sourcecode.c.objc; path = "UIColor+RBAdd.m"; sourceTree = "<group>"; };
		AC6E5EFF25CC340600D77430 /* ResourceBox-Prefix.pch */ = {isa = PBXFileReference; lastKnownFileType = sourcecode.c.h; path = "ResourceBox-Prefix.pch"; sourceTree = "<group>"; };
		AC6E5F0E25CC351B00D77430 /* YYCategories.h */ = {isa = PBXFileReference; fileEncoding = 4; lastKnownFileType = sourcecode.c.h; path = YYCategories.h; sourceTree = "<group>"; };
		AC6E5F1025CC351B00D77430 /* NSArray+YYAdd.m */ = {isa = PBXFileReference; fileEncoding = 4; lastKnownFileType = sourcecode.c.objc; path = "NSArray+YYAdd.m"; sourceTree = "<group>"; };
		AC6E5F1125CC351B00D77430 /* NSNumber+YYAdd.m */ = {isa = PBXFileReference; fileEncoding = 4; lastKnownFileType = sourcecode.c.objc; path = "NSNumber+YYAdd.m"; sourceTree = "<group>"; };
		AC6E5F1225CC351B00D77430 /* NSTimer+YYAdd.h */ = {isa = PBXFileReference; fileEncoding = 4; lastKnownFileType = sourcecode.c.h; path = "NSTimer+YYAdd.h"; sourceTree = "<group>"; };
		AC6E5F1325CC351B00D77430 /* NSDate+YYAdd.h */ = {isa = PBXFileReference; fileEncoding = 4; lastKnownFileType = sourcecode.c.h; path = "NSDate+YYAdd.h"; sourceTree = "<group>"; };
		AC6E5F1425CC351B00D77430 /* NSObject+YYAddForARC.h */ = {isa = PBXFileReference; fileEncoding = 4; lastKnownFileType = sourcecode.c.h; path = "NSObject+YYAddForARC.h"; sourceTree = "<group>"; };
		AC6E5F1525CC351B00D77430 /* NSNotificationCenter+YYAdd.h */ = {isa = PBXFileReference; fileEncoding = 4; lastKnownFileType = sourcecode.c.h; path = "NSNotificationCenter+YYAdd.h"; sourceTree = "<group>"; };
		AC6E5F1625CC351B00D77430 /* NSBundle+YYAdd.m */ = {isa = PBXFileReference; fileEncoding = 4; lastKnownFileType = sourcecode.c.objc; path = "NSBundle+YYAdd.m"; sourceTree = "<group>"; };
		AC6E5F1725CC351B00D77430 /* NSObject+YYAdd.m */ = {isa = PBXFileReference; fileEncoding = 4; lastKnownFileType = sourcecode.c.objc; path = "NSObject+YYAdd.m"; sourceTree = "<group>"; };
		AC6E5F1825CC351B00D77430 /* NSString+YYAdd.h */ = {isa = PBXFileReference; fileEncoding = 4; lastKnownFileType = sourcecode.c.h; path = "NSString+YYAdd.h"; sourceTree = "<group>"; };
		AC6E5F1925CC351B00D77430 /* NSObject+YYAddForKVO.h */ = {isa = PBXFileReference; fileEncoding = 4; lastKnownFileType = sourcecode.c.h; path = "NSObject+YYAddForKVO.h"; sourceTree = "<group>"; };
		AC6E5F1A25CC351B00D77430 /* NSData+YYAdd.m */ = {isa = PBXFileReference; fileEncoding = 4; lastKnownFileType = sourcecode.c.objc; path = "NSData+YYAdd.m"; sourceTree = "<group>"; };
		AC6E5F1B25CC351B00D77430 /* NSThread+YYAdd.m */ = {isa = PBXFileReference; fileEncoding = 4; lastKnownFileType = sourcecode.c.objc; path = "NSThread+YYAdd.m"; sourceTree = "<group>"; };
		AC6E5F1C25CC351B00D77430 /* NSDictionary+YYAdd.h */ = {isa = PBXFileReference; fileEncoding = 4; lastKnownFileType = sourcecode.c.h; path = "NSDictionary+YYAdd.h"; sourceTree = "<group>"; };
		AC6E5F1D25CC351B00D77430 /* NSKeyedUnarchiver+YYAdd.m */ = {isa = PBXFileReference; fileEncoding = 4; lastKnownFileType = sourcecode.c.objc; path = "NSKeyedUnarchiver+YYAdd.m"; sourceTree = "<group>"; };
		AC6E5F1E25CC351B00D77430 /* NSTimer+YYAdd.m */ = {isa = PBXFileReference; fileEncoding = 4; lastKnownFileType = sourcecode.c.objc; path = "NSTimer+YYAdd.m"; sourceTree = "<group>"; };
		AC6E5F1F25CC351B00D77430 /* NSNumber+YYAdd.h */ = {isa = PBXFileReference; fileEncoding = 4; lastKnownFileType = sourcecode.c.h; path = "NSNumber+YYAdd.h"; sourceTree = "<group>"; };
		AC6E5F2025CC351B00D77430 /* NSArray+YYAdd.h */ = {isa = PBXFileReference; fileEncoding = 4; lastKnownFileType = sourcecode.c.h; path = "NSArray+YYAdd.h"; sourceTree = "<group>"; };
		AC6E5F2125CC351B00D77430 /* NSObject+YYAddForARC.m */ = {isa = PBXFileReference; fileEncoding = 4; lastKnownFileType = sourcecode.c.objc; path = "NSObject+YYAddForARC.m"; sourceTree = "<group>"; };
		AC6E5F2225CC351B00D77430 /* NSDate+YYAdd.m */ = {isa = PBXFileReference; fileEncoding = 4; lastKnownFileType = sourcecode.c.objc; path = "NSDate+YYAdd.m"; sourceTree = "<group>"; };
		AC6E5F2325CC351B00D77430 /* NSObject+YYAdd.h */ = {isa = PBXFileReference; fileEncoding = 4; lastKnownFileType = sourcecode.c.h; path = "NSObject+YYAdd.h"; sourceTree = "<group>"; };
		AC6E5F2425CC351B00D77430 /* NSString+YYAdd.m */ = {isa = PBXFileReference; fileEncoding = 4; lastKnownFileType = sourcecode.c.objc; path = "NSString+YYAdd.m"; sourceTree = "<group>"; };
		AC6E5F2525CC351B00D77430 /* NSBundle+YYAdd.h */ = {isa = PBXFileReference; fileEncoding = 4; lastKnownFileType = sourcecode.c.h; path = "NSBundle+YYAdd.h"; sourceTree = "<group>"; };
		AC6E5F2625CC351B00D77430 /* NSNotificationCenter+YYAdd.m */ = {isa = PBXFileReference; fileEncoding = 4; lastKnownFileType = sourcecode.c.objc; path = "NSNotificationCenter+YYAdd.m"; sourceTree = "<group>"; };
		AC6E5F2725CC351B00D77430 /* NSKeyedUnarchiver+YYAdd.h */ = {isa = PBXFileReference; fileEncoding = 4; lastKnownFileType = sourcecode.c.h; path = "NSKeyedUnarchiver+YYAdd.h"; sourceTree = "<group>"; };
		AC6E5F2825CC351B00D77430 /* NSDictionary+YYAdd.m */ = {isa = PBXFileReference; fileEncoding = 4; lastKnownFileType = sourcecode.c.objc; path = "NSDictionary+YYAdd.m"; sourceTree = "<group>"; };
		AC6E5F2925CC351B00D77430 /* NSThread+YYAdd.h */ = {isa = PBXFileReference; fileEncoding = 4; lastKnownFileType = sourcecode.c.h; path = "NSThread+YYAdd.h"; sourceTree = "<group>"; };
		AC6E5F2A25CC351B00D77430 /* NSData+YYAdd.h */ = {isa = PBXFileReference; fileEncoding = 4; lastKnownFileType = sourcecode.c.h; path = "NSData+YYAdd.h"; sourceTree = "<group>"; };
		AC6E5F2B25CC351B00D77430 /* NSObject+YYAddForKVO.m */ = {isa = PBXFileReference; fileEncoding = 4; lastKnownFileType = sourcecode.c.objc; path = "NSObject+YYAddForKVO.m"; sourceTree = "<group>"; };
		AC6E5F2C25CC351B00D77430 /* YYCategoriesMacro.h */ = {isa = PBXFileReference; fileEncoding = 4; lastKnownFileType = sourcecode.c.h; path = YYCategoriesMacro.h; sourceTree = "<group>"; };
		AC6E5F2E25CC351B00D77430 /* XMLReader.h */ = {isa = PBXFileReference; fileEncoding = 4; lastKnownFileType = sourcecode.c.h; path = XMLReader.h; sourceTree = "<group>"; };
		AC6E5F2F25CC351B00D77430 /* XMLReader.m */ = {isa = PBXFileReference; fileEncoding = 4; lastKnownFileType = sourcecode.c.objc; path = XMLReader.m; sourceTree = "<group>"; };
		AC6E5F3125CC351B00D77430 /* RACEXTScope.h */ = {isa = PBXFileReference; fileEncoding = 4; lastKnownFileType = sourcecode.c.h; path = RACEXTScope.h; sourceTree = "<group>"; };
		AC6E5F3225CC351B00D77430 /* RACMetaMacros.h */ = {isa = PBXFileReference; fileEncoding = 4; lastKnownFileType = sourcecode.c.h; path = RACMetaMacros.h; sourceTree = "<group>"; };
		AC6E5F8425CC49B600D77430 /* ResourceBox.entitlements */ = {isa = PBXFileReference; lastKnownFileType = text.plist.entitlements; path = ResourceBox.entitlements; sourceTree = "<group>"; };
		AC6E5F8925CC4A1400D77430 /* RBShareExtension.entitlements */ = {isa = PBXFileReference; lastKnownFileType = text.plist.entitlements; path = RBShareExtension.entitlements; sourceTree = "<group>"; };
		AC6E5F8E25CC4CF800D77430 /* RBShareViewController.h */ = {isa = PBXFileReference; lastKnownFileType = sourcecode.c.h; path = RBShareViewController.h; sourceTree = "<group>"; };
		AC6E5F8F25CC4CF800D77430 /* RBShareViewController.m */ = {isa = PBXFileReference; lastKnownFileType = sourcecode.c.objc; path = RBShareViewController.m; sourceTree = "<group>"; };
		AC6E5F9025CC4CF800D77430 /* RBShareViewController.xib */ = {isa = PBXFileReference; lastKnownFileType = file.xib; path = RBShareViewController.xib; sourceTree = "<group>"; };
		AC89B05A25C9A48500BA2AA4 /* ResourceBox.app */ = {isa = PBXFileReference; explicitFileType = wrapper.application; includeInIndex = 0; path = ResourceBox.app; sourceTree = BUILT_PRODUCTS_DIR; };
		AC89B05D25C9A48500BA2AA4 /* AppDelegate.h */ = {isa = PBXFileReference; lastKnownFileType = sourcecode.c.h; path = AppDelegate.h; sourceTree = "<group>"; };
		AC89B05E25C9A48500BA2AA4 /* AppDelegate.m */ = {isa = PBXFileReference; lastKnownFileType = sourcecode.c.objc; path = AppDelegate.m; sourceTree = "<group>"; };
		AC89B06025C9A48500BA2AA4 /* SceneDelegate.h */ = {isa = PBXFileReference; lastKnownFileType = sourcecode.c.h; path = SceneDelegate.h; sourceTree = "<group>"; };
		AC89B06125C9A48500BA2AA4 /* SceneDelegate.m */ = {isa = PBXFileReference; lastKnownFileType = sourcecode.c.objc; path = SceneDelegate.m; sourceTree = "<group>"; };
		AC89B06325C9A48500BA2AA4 /* ViewController.h */ = {isa = PBXFileReference; lastKnownFileType = sourcecode.c.h; path = ViewController.h; sourceTree = "<group>"; };
		AC89B06425C9A48500BA2AA4 /* ViewController.m */ = {isa = PBXFileReference; lastKnownFileType = sourcecode.c.objc; path = ViewController.m; sourceTree = "<group>"; };
		AC89B06725C9A48500BA2AA4 /* Base */ = {isa = PBXFileReference; lastKnownFileType = file.storyboard; name = Base; path = Base.lproj/Main.storyboard; sourceTree = "<group>"; };
		AC89B06925C9A48700BA2AA4 /* Assets.xcassets */ = {isa = PBXFileReference; lastKnownFileType = folder.assetcatalog; path = Assets.xcassets; sourceTree = "<group>"; };
		AC89B06C25C9A48700BA2AA4 /* Base */ = {isa = PBXFileReference; lastKnownFileType = file.storyboard; name = Base; path = Base.lproj/LaunchScreen.storyboard; sourceTree = "<group>"; };
		AC89B06E25C9A48700BA2AA4 /* Info.plist */ = {isa = PBXFileReference; lastKnownFileType = text.plist.xml; path = Info.plist; sourceTree = "<group>"; };
		AC89B06F25C9A48700BA2AA4 /* main.m */ = {isa = PBXFileReference; lastKnownFileType = sourcecode.c.objc; path = main.m; sourceTree = "<group>"; };
		AC89B07525C9A48800BA2AA4 /* ResourceBoxTests.xctest */ = {isa = PBXFileReference; explicitFileType = wrapper.cfbundle; includeInIndex = 0; path = ResourceBoxTests.xctest; sourceTree = BUILT_PRODUCTS_DIR; };
		AC89B07925C9A48800BA2AA4 /* ResourceBoxTests.m */ = {isa = PBXFileReference; lastKnownFileType = sourcecode.c.objc; path = ResourceBoxTests.m; sourceTree = "<group>"; };
		AC89B07B25C9A48800BA2AA4 /* Info.plist */ = {isa = PBXFileReference; lastKnownFileType = text.plist.xml; path = Info.plist; sourceTree = "<group>"; };
		AC89B08025C9A48800BA2AA4 /* ResourceBoxUITests.xctest */ = {isa = PBXFileReference; explicitFileType = wrapper.cfbundle; includeInIndex = 0; path = ResourceBoxUITests.xctest; sourceTree = BUILT_PRODUCTS_DIR; };
		AC89B08425C9A48800BA2AA4 /* ResourceBoxUITests.m */ = {isa = PBXFileReference; lastKnownFileType = sourcecode.c.objc; path = ResourceBoxUITests.m; sourceTree = "<group>"; };
		AC89B08625C9A48800BA2AA4 /* Info.plist */ = {isa = PBXFileReference; lastKnownFileType = text.plist.xml; path = Info.plist; sourceTree = "<group>"; };
		ACD0A23225CAF55400DB9DA5 /* RBShareExtension.appex */ = {isa = PBXFileReference; explicitFileType = "wrapper.app-extension"; includeInIndex = 0; path = RBShareExtension.appex; sourceTree = BUILT_PRODUCTS_DIR; };
		ACD0A23425CAF55400DB9DA5 /* ShareViewController.h */ = {isa = PBXFileReference; lastKnownFileType = sourcecode.c.h; path = ShareViewController.h; sourceTree = "<group>"; };
		ACD0A23525CAF55400DB9DA5 /* ShareViewController.m */ = {isa = PBXFileReference; lastKnownFileType = sourcecode.c.objc; path = ShareViewController.m; sourceTree = "<group>"; };
		ACD0A23825CAF55400DB9DA5 /* Base */ = {isa = PBXFileReference; lastKnownFileType = file.storyboard; name = Base; path = Base.lproj/MainInterface.storyboard; sourceTree = "<group>"; };
		ACD0A23A25CAF55400DB9DA5 /* Info.plist */ = {isa = PBXFileReference; lastKnownFileType = text.plist.xml; path = Info.plist; sourceTree = "<group>"; };
		E8C7A9CDDB30630088DE335A /* Pods-RBShareExtension.release.xcconfig */ = {isa = PBXFileReference; includeInIndex = 1; lastKnownFileType = text.xcconfig; name = "Pods-RBShareExtension.release.xcconfig"; path = "Target Support Files/Pods-RBShareExtension/Pods-RBShareExtension.release.xcconfig"; sourceTree = "<group>"; };
		F57E1A2A00F57401B6EBB773 /* libPods-ResourceBox.a */ = {isa = PBXFileReference; explicitFileType = archive.ar; includeInIndex = 0; path = "libPods-ResourceBox.a"; sourceTree = BUILT_PRODUCTS_DIR; };
/* End PBXFileReference section */

/* Begin PBXFrameworksBuildPhase section */
		AC89B05725C9A48500BA2AA4 /* Frameworks */ = {
			isa = PBXFrameworksBuildPhase;
			buildActionMask = 2147483647;
			files = (
				1595B8BB8DCD2762129F94A3 /* libPods-ResourceBox.a in Frameworks */,
			);
			runOnlyForDeploymentPostprocessing = 0;
		};
		AC89B07225C9A48800BA2AA4 /* Frameworks */ = {
			isa = PBXFrameworksBuildPhase;
			buildActionMask = 2147483647;
			files = (
			);
			runOnlyForDeploymentPostprocessing = 0;
		};
		AC89B07D25C9A48800BA2AA4 /* Frameworks */ = {
			isa = PBXFrameworksBuildPhase;
			buildActionMask = 2147483647;
			files = (
			);
			runOnlyForDeploymentPostprocessing = 0;
		};
		ACD0A22F25CAF55400DB9DA5 /* Frameworks */ = {
			isa = PBXFrameworksBuildPhase;
			buildActionMask = 2147483647;
			files = (
				E7136A26835BDFADF2D96D83 /* libPods-RBShareExtension.a in Frameworks */,
			);
			runOnlyForDeploymentPostprocessing = 0;
		};
/* End PBXFrameworksBuildPhase section */

/* Begin PBXGroup section */
		7D8AF9783E912FB2F78D0578 /* Pods */ = {
			isa = PBXGroup;
			children = (
				58E18A5CB512625D10CA9A44 /* Pods-ResourceBox.debug.xcconfig */,
				443ECD9118C6053C2785C383 /* Pods-ResourceBox.release.xcconfig */,
				58913FA3D7E31C8C4431D386 /* Pods-RBShareExtension.debug.xcconfig */,
				E8C7A9CDDB30630088DE335A /* Pods-RBShareExtension.release.xcconfig */,
			);
			path = Pods;
			sourceTree = "<group>";
		};
		AC6E5E9225CC32FF00D77430 /* Universal */ = {
			isa = PBXGroup;
			children = (
				AC6E5EC325CC32FF00D77430 /* Categories */,
				AC6E5E9325CC32FF00D77430 /* Classes */,
				AC6E5EBE25CC32FF00D77430 /* Headers */,
				AC6E5E9425CC32FF00D77430 /* Managers */,
			);
			path = Universal;
			sourceTree = "<group>";
		};
		AC6E5E9325CC32FF00D77430 /* Classes */ = {
			isa = PBXGroup;
			children = (
			);
			path = Classes;
			sourceTree = "<group>";
		};
		AC6E5E9425CC32FF00D77430 /* Managers */ = {
			isa = PBXGroup;
			children = (
				AC6E5E9625CC32FF00D77430 /* RBExceptionManager.h */,
				AC6E5E9E25CC32FF00D77430 /* RBExceptionManager.m */,
				AC6E5E9F25CC32FF00D77430 /* RBFileManager.h */,
				AC6E5E9525CC32FF00D77430 /* RBFileManager.m */,
				AC6E5E9B25CC32FF00D77430 /* RBLogManager.h */,
				AC6E5EB925CC32FF00D77430 /* RBLogManager.m */,
				AC6E5E9D25CC32FF00D77430 /* RBUtilityManager.h */,
				AC6E5E9725CC32FF00D77430 /* RBUtilityManager.m */,
				AC6E5EAC25CC32FF00D77430 /* HTTP */,
				AC6E5EB625CC32FF00D77430 /* Setting */,
				AC6E5EBA25CC32FF00D77430 /* SQL */,
			);
			path = Managers;
			sourceTree = "<group>";
		};
		AC6E5EAC25CC32FF00D77430 /* HTTP */ = {
			isa = PBXGroup;
			children = (
				AC6E5EAE25CC32FF00D77430 /* RBHTTPHeader.h */,
				AC6E5EAF25CC32FF00D77430 /* RBHTTPManager.h */,
				AC6E5EAD25CC32FF00D77430 /* RBHTTPManager.m */,
			);
			path = HTTP;
			sourceTree = "<group>";
		};
		AC6E5EB625CC32FF00D77430 /* Setting */ = {
			isa = PBXGroup;
			children = (
				AC6E5EB725CC32FF00D77430 /* RBSettingManager.h */,
				AC6E5EB825CC32FF00D77430 /* RBSettingManager.m */,
			);
			path = Setting;
			sourceTree = "<group>";
		};
		AC6E5EBA25CC32FF00D77430 /* SQL */ = {
			isa = PBXGroup;
			children = (
				AC6E5EBC25CC32FF00D77430 /* RBSQLiteHeader.h */,
				AC6E5EBD25CC32FF00D77430 /* RBSQLiteSettingManager.h */,
				AC6E5EBB25CC32FF00D77430 /* RBSQLiteSettingManager.m */,
			);
			path = SQL;
			sourceTree = "<group>";
		};
		AC6E5EBE25CC32FF00D77430 /* Headers */ = {
			isa = PBXGroup;
			children = (
				AC6E5EBF25CC32FF00D77430 /* RBOCHeader.h */,
				AC6E5EC125CC32FF00D77430 /* RBConstHeader.h */,
				AC6E5EC025CC32FF00D77430 /* RBCategoriesHeader.h */,
				AC6E5EC225CC32FF00D77430 /* RBManagersHeader.h */,
			);
			path = Headers;
			sourceTree = "<group>";
		};
		AC6E5EC325CC32FF00D77430 /* Categories */ = {
			isa = PBXGroup;
			children = (
				AC6E5ECD25CC32FF00D77430 /* NSArray+RBAdd.h */,
				AC6E5EC725CC32FF00D77430 /* NSArray+RBAdd.m */,
				AC6E5EC625CC32FF00D77430 /* NSDictionary+RBAdd.h */,
				AC6E5ECC25CC32FF00D77430 /* NSDictionary+RBAdd.m */,
				AC6E5ECE25CC32FF00D77430 /* NSError+RBAdd.h */,
				AC6E5EC925CC32FF00D77430 /* NSError+RBAdd.m */,
				AC6E5ECA25CC32FF00D77430 /* NSObject+RBAdd.h */,
				AC6E5EC425CC32FF00D77430 /* NSObject+RBAdd.m */,
				AC6E5ECB25CC32FF00D77430 /* NSString+RBAdd.m */,
				AC6E5EC525CC32FF00D77430 /* NSString+RBAdd.h */,
				AC6E5EEB25CC334600D77430 /* UIColor+RBAdd.h */,
				AC6E5EEC25CC334600D77430 /* UIColor+RBAdd.m */,
			);
			path = Categories;
			sourceTree = "<group>";
		};
		AC6E5EFA25CC338200D77430 /* Resources */ = {
			isa = PBXGroup;
			children = (
				AC89B06925C9A48700BA2AA4 /* Assets.xcassets */,
				AC89B06E25C9A48700BA2AA4 /* Info.plist */,
				AC89B06F25C9A48700BA2AA4 /* main.m */,
				AC6E5EFF25CC340600D77430 /* ResourceBox-Prefix.pch */,
				AC6E5F8425CC49B600D77430 /* ResourceBox.entitlements */,
			);
			path = Resources;
			sourceTree = "<group>";
		};
		AC6E5F0C25CC351B00D77430 /* Third Parties */ = {
			isa = PBXGroup;
			children = (
				AC6E5F3025CC351B00D77430 /* RAC */,
				AC6E5F2D25CC351B00D77430 /* XMLReader */,
				AC6E5F0D25CC351B00D77430 /* YYCategories */,
			);
			path = "Third Parties";
			sourceTree = "<group>";
		};
		AC6E5F0D25CC351B00D77430 /* YYCategories */ = {
			isa = PBXGroup;
			children = (
				AC6E5F0E25CC351B00D77430 /* YYCategories.h */,
				AC6E5F2C25CC351B00D77430 /* YYCategoriesMacro.h */,
				AC6E5F0F25CC351B00D77430 /* Foundation */,
			);
			path = YYCategories;
			sourceTree = "<group>";
		};
		AC6E5F0F25CC351B00D77430 /* Foundation */ = {
			isa = PBXGroup;
			children = (
				AC6E5F2025CC351B00D77430 /* NSArray+YYAdd.h */,
				AC6E5F1025CC351B00D77430 /* NSArray+YYAdd.m */,
				AC6E5F2525CC351B00D77430 /* NSBundle+YYAdd.h */,
				AC6E5F1625CC351B00D77430 /* NSBundle+YYAdd.m */,
				AC6E5F2A25CC351B00D77430 /* NSData+YYAdd.h */,
				AC6E5F1A25CC351B00D77430 /* NSData+YYAdd.m */,
				AC6E5F1325CC351B00D77430 /* NSDate+YYAdd.h */,
				AC6E5F2225CC351B00D77430 /* NSDate+YYAdd.m */,
				AC6E5F1C25CC351B00D77430 /* NSDictionary+YYAdd.h */,
				AC6E5F2825CC351B00D77430 /* NSDictionary+YYAdd.m */,
				AC6E5F2725CC351B00D77430 /* NSKeyedUnarchiver+YYAdd.h */,
				AC6E5F1D25CC351B00D77430 /* NSKeyedUnarchiver+YYAdd.m */,
				AC6E5F1525CC351B00D77430 /* NSNotificationCenter+YYAdd.h */,
				AC6E5F2625CC351B00D77430 /* NSNotificationCenter+YYAdd.m */,
				AC6E5F1F25CC351B00D77430 /* NSNumber+YYAdd.h */,
				AC6E5F1125CC351B00D77430 /* NSNumber+YYAdd.m */,
				AC6E5F2325CC351B00D77430 /* NSObject+YYAdd.h */,
				AC6E5F1725CC351B00D77430 /* NSObject+YYAdd.m */,
				AC6E5F1425CC351B00D77430 /* NSObject+YYAddForARC.h */,
				AC6E5F2125CC351B00D77430 /* NSObject+YYAddForARC.m */,
				AC6E5F1925CC351B00D77430 /* NSObject+YYAddForKVO.h */,
				AC6E5F2B25CC351B00D77430 /* NSObject+YYAddForKVO.m */,
				AC6E5F1825CC351B00D77430 /* NSString+YYAdd.h */,
				AC6E5F2425CC351B00D77430 /* NSString+YYAdd.m */,
				AC6E5F2925CC351B00D77430 /* NSThread+YYAdd.h */,
				AC6E5F1B25CC351B00D77430 /* NSThread+YYAdd.m */,
				AC6E5F1225CC351B00D77430 /* NSTimer+YYAdd.h */,
				AC6E5F1E25CC351B00D77430 /* NSTimer+YYAdd.m */,
			);
			path = Foundation;
			sourceTree = "<group>";
		};
		AC6E5F2D25CC351B00D77430 /* XMLReader */ = {
			isa = PBXGroup;
			children = (
				AC6E5F2E25CC351B00D77430 /* XMLReader.h */,
				AC6E5F2F25CC351B00D77430 /* XMLReader.m */,
			);
			path = XMLReader;
			sourceTree = "<group>";
		};
		AC6E5F3025CC351B00D77430 /* RAC */ = {
			isa = PBXGroup;
			children = (
				AC6E5F3125CC351B00D77430 /* RACEXTScope.h */,
				AC6E5F3225CC351B00D77430 /* RACMetaMacros.h */,
			);
			path = RAC;
			sourceTree = "<group>";
		};
		AC6E5F7F25CC3C9800D77430 /* Main */ = {
			isa = PBXGroup;
			children = (
			);
			path = Main;
			sourceTree = "<group>";
		};
		AC89B05125C9A48500BA2AA4 = {
			isa = PBXGroup;
			children = (
				AC89B05C25C9A48500BA2AA4 /* ResourceBox */,
				AC89B07825C9A48800BA2AA4 /* ResourceBoxTests */,
				AC89B08325C9A48800BA2AA4 /* ResourceBoxUITests */,
				ACD0A23325CAF55400DB9DA5 /* RBShareExtension */,
				AC89B05B25C9A48500BA2AA4 /* Products */,
				7D8AF9783E912FB2F78D0578 /* Pods */,
				E4F2E8ED76676B8BD5D38ACB /* Frameworks */,
			);
			sourceTree = "<group>";
		};
		AC89B05B25C9A48500BA2AA4 /* Products */ = {
			isa = PBXGroup;
			children = (
				AC89B05A25C9A48500BA2AA4 /* ResourceBox.app */,
				AC89B07525C9A48800BA2AA4 /* ResourceBoxTests.xctest */,
				AC89B08025C9A48800BA2AA4 /* ResourceBoxUITests.xctest */,
				ACD0A23225CAF55400DB9DA5 /* RBShareExtension.appex */,
			);
			name = Products;
			sourceTree = "<group>";
		};
		AC89B05C25C9A48500BA2AA4 /* ResourceBox */ = {
			isa = PBXGroup;
			children = (
				AC89B05D25C9A48500BA2AA4 /* AppDelegate.h */,
				AC89B05E25C9A48500BA2AA4 /* AppDelegate.m */,
				AC89B06025C9A48500BA2AA4 /* SceneDelegate.h */,
				AC89B06125C9A48500BA2AA4 /* SceneDelegate.m */,
				AC89B06325C9A48500BA2AA4 /* ViewController.h */,
				AC89B06425C9A48500BA2AA4 /* ViewController.m */,
				AC89B06625C9A48500BA2AA4 /* Main.storyboard */,
				AC89B06B25C9A48700BA2AA4 /* LaunchScreen.storyboard */,
				AC6E5E9225CC32FF00D77430 /* Universal */,
				AC6E5F7F25CC3C9800D77430 /* Main */,
				AC6E5EFA25CC338200D77430 /* Resources */,
				AC6E5F0C25CC351B00D77430 /* Third Parties */,
			);
			path = ResourceBox;
			sourceTree = "<group>";
		};
		AC89B07825C9A48800BA2AA4 /* ResourceBoxTests */ = {
			isa = PBXGroup;
			children = (
				AC89B07925C9A48800BA2AA4 /* ResourceBoxTests.m */,
				AC89B07B25C9A48800BA2AA4 /* Info.plist */,
			);
			path = ResourceBoxTests;
			sourceTree = "<group>";
		};
		AC89B08325C9A48800BA2AA4 /* ResourceBoxUITests */ = {
			isa = PBXGroup;
			children = (
				AC89B08425C9A48800BA2AA4 /* ResourceBoxUITests.m */,
				AC89B08625C9A48800BA2AA4 /* Info.plist */,
			);
			path = ResourceBoxUITests;
			sourceTree = "<group>";
		};
		ACD0A23325CAF55400DB9DA5 /* RBShareExtension */ = {
			isa = PBXGroup;
			children = (
				AC6E5F8E25CC4CF800D77430 /* RBShareViewController.h */,
				AC6E5F8F25CC4CF800D77430 /* RBShareViewController.m */,
				AC6E5F9025CC4CF800D77430 /* RBShareViewController.xib */,
				AC3820DC25CEBC4E004ECB23 /* RBShareTextModel.h */,
				AC3820DD25CEBC4E004ECB23 /* RBShareTextModel.m */,
				ACD0A23A25CAF55400DB9DA5 /* Info.plist */,
				AC6E5F8925CC4A1400D77430 /* RBShareExtension.entitlements */,
				ACD0A23425CAF55400DB9DA5 /* ShareViewController.h */,
				ACD0A23525CAF55400DB9DA5 /* ShareViewController.m */,
				ACD0A23725CAF55400DB9DA5 /* MainInterface.storyboard */,
				AC38209225CEA163004ECB23 /* RBShareExtension-Prefix.pch */,
			);
			path = RBShareExtension;
			sourceTree = "<group>";
		};
		E4F2E8ED76676B8BD5D38ACB /* Frameworks */ = {
			isa = PBXGroup;
			children = (
				F57E1A2A00F57401B6EBB773 /* libPods-ResourceBox.a */,
				69D0BC616DD363473A74398A /* libPods-RBShareExtension.a */,
			);
			name = Frameworks;
			sourceTree = "<group>";
		};
/* End PBXGroup section */

/* Begin PBXNativeTarget section */
		AC89B05925C9A48500BA2AA4 /* ResourceBox */ = {
			isa = PBXNativeTarget;
			buildConfigurationList = AC89B08925C9A48800BA2AA4 /* Build configuration list for PBXNativeTarget "ResourceBox" */;
			buildPhases = (
				FF9C818E604E43DD81DA9289 /* [CP] Check Pods Manifest.lock */,
				AC89B05625C9A48500BA2AA4 /* Sources */,
				AC89B05725C9A48500BA2AA4 /* Frameworks */,
				AC89B05825C9A48500BA2AA4 /* Resources */,
				18AB4A66DAD527879A152CDF /* [CP] Copy Pods Resources */,
				AC89B0CF25C9A90900BA2AA4 /* Embed App Extensions */,
			);
			buildRules = (
			);
			dependencies = (
				ACD0A23C25CAF55400DB9DA5 /* PBXTargetDependency */,
			);
			name = ResourceBox;
			productName = ResourceBox;
			productReference = AC89B05A25C9A48500BA2AA4 /* ResourceBox.app */;
			productType = "com.apple.product-type.application";
		};
		AC89B07425C9A48800BA2AA4 /* ResourceBoxTests */ = {
			isa = PBXNativeTarget;
			buildConfigurationList = AC89B08C25C9A48800BA2AA4 /* Build configuration list for PBXNativeTarget "ResourceBoxTests" */;
			buildPhases = (
				AC89B07125C9A48800BA2AA4 /* Sources */,
				AC89B07225C9A48800BA2AA4 /* Frameworks */,
				AC89B07325C9A48800BA2AA4 /* Resources */,
			);
			buildRules = (
			);
			dependencies = (
				AC89B07725C9A48800BA2AA4 /* PBXTargetDependency */,
			);
			name = ResourceBoxTests;
			productName = ResourceBoxTests;
			productReference = AC89B07525C9A48800BA2AA4 /* ResourceBoxTests.xctest */;
			productType = "com.apple.product-type.bundle.unit-test";
		};
		AC89B07F25C9A48800BA2AA4 /* ResourceBoxUITests */ = {
			isa = PBXNativeTarget;
			buildConfigurationList = AC89B08F25C9A48800BA2AA4 /* Build configuration list for PBXNativeTarget "ResourceBoxUITests" */;
			buildPhases = (
				AC89B07C25C9A48800BA2AA4 /* Sources */,
				AC89B07D25C9A48800BA2AA4 /* Frameworks */,
				AC89B07E25C9A48800BA2AA4 /* Resources */,
			);
			buildRules = (
			);
			dependencies = (
				AC89B08225C9A48800BA2AA4 /* PBXTargetDependency */,
			);
			name = ResourceBoxUITests;
			productName = ResourceBoxUITests;
			productReference = AC89B08025C9A48800BA2AA4 /* ResourceBoxUITests.xctest */;
			productType = "com.apple.product-type.bundle.ui-testing";
		};
		ACD0A23125CAF55400DB9DA5 /* RBShareExtension */ = {
			isa = PBXNativeTarget;
			buildConfigurationList = ACD0A23E25CAF55400DB9DA5 /* Build configuration list for PBXNativeTarget "RBShareExtension" */;
			buildPhases = (
				F6541291E1A81AAA3F1D9D30 /* [CP] Check Pods Manifest.lock */,
				ACD0A22E25CAF55400DB9DA5 /* Sources */,
				ACD0A22F25CAF55400DB9DA5 /* Frameworks */,
				ACD0A23025CAF55400DB9DA5 /* Resources */,
				2C0DD8C9D8C814AD70E17B20 /* [CP] Copy Pods Resources */,
			);
			buildRules = (
			);
			dependencies = (
			);
			name = RBShareExtension;
			productName = RBShareExtension;
			productReference = ACD0A23225CAF55400DB9DA5 /* RBShareExtension.appex */;
			productType = "com.apple.product-type.app-extension";
		};
/* End PBXNativeTarget section */

/* Begin PBXProject section */
		AC89B05225C9A48500BA2AA4 /* Project object */ = {
			isa = PBXProject;
			attributes = {
				LastUpgradeCheck = 1230;
				TargetAttributes = {
					AC89B05925C9A48500BA2AA4 = {
						CreatedOnToolsVersion = 12.3;
					};
					AC89B07425C9A48800BA2AA4 = {
						CreatedOnToolsVersion = 12.3;
						TestTargetID = AC89B05925C9A48500BA2AA4;
					};
					AC89B07F25C9A48800BA2AA4 = {
						CreatedOnToolsVersion = 12.3;
						TestTargetID = AC89B05925C9A48500BA2AA4;
					};
					ACD0A23125CAF55400DB9DA5 = {
						CreatedOnToolsVersion = 12.4;
					};
				};
			};
			buildConfigurationList = AC89B05525C9A48500BA2AA4 /* Build configuration list for PBXProject "ResourceBox" */;
			compatibilityVersion = "Xcode 9.3";
			developmentRegion = en;
			hasScannedForEncodings = 0;
			knownRegions = (
				en,
				Base,
			);
			mainGroup = AC89B05125C9A48500BA2AA4;
			productRefGroup = AC89B05B25C9A48500BA2AA4 /* Products */;
			projectDirPath = "";
			projectRoot = "";
			targets = (
				AC89B05925C9A48500BA2AA4 /* ResourceBox */,
				AC89B07425C9A48800BA2AA4 /* ResourceBoxTests */,
				AC89B07F25C9A48800BA2AA4 /* ResourceBoxUITests */,
				ACD0A23125CAF55400DB9DA5 /* RBShareExtension */,
			);
		};
/* End PBXProject section */

/* Begin PBXResourcesBuildPhase section */
		AC89B05825C9A48500BA2AA4 /* Resources */ = {
			isa = PBXResourcesBuildPhase;
			buildActionMask = 2147483647;
			files = (
				AC89B06D25C9A48700BA2AA4 /* LaunchScreen.storyboard in Resources */,
				AC89B06A25C9A48700BA2AA4 /* Assets.xcassets in Resources */,
				AC89B06825C9A48500BA2AA4 /* Main.storyboard in Resources */,
			);
			runOnlyForDeploymentPostprocessing = 0;
		};
		AC89B07325C9A48800BA2AA4 /* Resources */ = {
			isa = PBXResourcesBuildPhase;
			buildActionMask = 2147483647;
			files = (
			);
			runOnlyForDeploymentPostprocessing = 0;
		};
		AC89B07E25C9A48800BA2AA4 /* Resources */ = {
			isa = PBXResourcesBuildPhase;
			buildActionMask = 2147483647;
			files = (
			);
			runOnlyForDeploymentPostprocessing = 0;
		};
		ACD0A23025CAF55400DB9DA5 /* Resources */ = {
			isa = PBXResourcesBuildPhase;
			buildActionMask = 2147483647;
			files = (
				AC6E5F9225CC4CF800D77430 /* RBShareViewController.xib in Resources */,
				ACD0A23925CAF55400DB9DA5 /* MainInterface.storyboard in Resources */,
			);
			runOnlyForDeploymentPostprocessing = 0;
		};
/* End PBXResourcesBuildPhase section */

/* Begin PBXShellScriptBuildPhase section */
		18AB4A66DAD527879A152CDF /* [CP] Copy Pods Resources */ = {
			isa = PBXShellScriptBuildPhase;
			buildActionMask = 2147483647;
			files = (
			);
			inputFileListPaths = (
				"${PODS_ROOT}/Target Support Files/Pods-ResourceBox/Pods-ResourceBox-resources-${CONFIGURATION}-input-files.xcfilelist",
			);
			name = "[CP] Copy Pods Resources";
			outputFileListPaths = (
				"${PODS_ROOT}/Target Support Files/Pods-ResourceBox/Pods-ResourceBox-resources-${CONFIGURATION}-output-files.xcfilelist",
			);
			runOnlyForDeploymentPostprocessing = 0;
			shellPath = /bin/sh;
			shellScript = "\"${PODS_ROOT}/Target Support Files/Pods-ResourceBox/Pods-ResourceBox-resources.sh\"\n";
			showEnvVarsInLog = 0;
		};
		2C0DD8C9D8C814AD70E17B20 /* [CP] Copy Pods Resources */ = {
			isa = PBXShellScriptBuildPhase;
			buildActionMask = 2147483647;
			files = (
			);
			inputFileListPaths = (
				"${PODS_ROOT}/Target Support Files/Pods-RBShareExtension/Pods-RBShareExtension-resources-${CONFIGURATION}-input-files.xcfilelist",
			);
			name = "[CP] Copy Pods Resources";
			outputFileListPaths = (
				"${PODS_ROOT}/Target Support Files/Pods-RBShareExtension/Pods-RBShareExtension-resources-${CONFIGURATION}-output-files.xcfilelist",
			);
			runOnlyForDeploymentPostprocessing = 0;
			shellPath = /bin/sh;
			shellScript = "\"${PODS_ROOT}/Target Support Files/Pods-RBShareExtension/Pods-RBShareExtension-resources.sh\"\n";
			showEnvVarsInLog = 0;
		};
		F6541291E1A81AAA3F1D9D30 /* [CP] Check Pods Manifest.lock */ = {
			isa = PBXShellScriptBuildPhase;
			buildActionMask = 2147483647;
			files = (
			);
			inputFileListPaths = (
			);
			inputPaths = (
				"${PODS_PODFILE_DIR_PATH}/Podfile.lock",
				"${PODS_ROOT}/Manifest.lock",
			);
			name = "[CP] Check Pods Manifest.lock";
			outputFileListPaths = (
			);
			outputPaths = (
				"$(DERIVED_FILE_DIR)/Pods-RBShareExtension-checkManifestLockResult.txt",
			);
			runOnlyForDeploymentPostprocessing = 0;
			shellPath = /bin/sh;
			shellScript = "diff \"${PODS_PODFILE_DIR_PATH}/Podfile.lock\" \"${PODS_ROOT}/Manifest.lock\" > /dev/null\nif [ $? != 0 ] ; then\n    # print error to STDERR\n    echo \"error: The sandbox is not in sync with the Podfile.lock. Run 'pod install' or update your CocoaPods installation.\" >&2\n    exit 1\nfi\n# This output is used by Xcode 'outputs' to avoid re-running this script phase.\necho \"SUCCESS\" > \"${SCRIPT_OUTPUT_FILE_0}\"\n";
			showEnvVarsInLog = 0;
		};
		FF9C818E604E43DD81DA9289 /* [CP] Check Pods Manifest.lock */ = {
			isa = PBXShellScriptBuildPhase;
			buildActionMask = 2147483647;
			files = (
			);
			inputFileListPaths = (
			);
			inputPaths = (
				"${PODS_PODFILE_DIR_PATH}/Podfile.lock",
				"${PODS_ROOT}/Manifest.lock",
			);
			name = "[CP] Check Pods Manifest.lock";
			outputFileListPaths = (
			);
			outputPaths = (
				"$(DERIVED_FILE_DIR)/Pods-ResourceBox-checkManifestLockResult.txt",
			);
			runOnlyForDeploymentPostprocessing = 0;
			shellPath = /bin/sh;
			shellScript = "diff \"${PODS_PODFILE_DIR_PATH}/Podfile.lock\" \"${PODS_ROOT}/Manifest.lock\" > /dev/null\nif [ $? != 0 ] ; then\n    # print error to STDERR\n    echo \"error: The sandbox is not in sync with the Podfile.lock. Run 'pod install' or update your CocoaPods installation.\" >&2\n    exit 1\nfi\n# This output is used by Xcode 'outputs' to avoid re-running this script phase.\necho \"SUCCESS\" > \"${SCRIPT_OUTPUT_FILE_0}\"\n";
			showEnvVarsInLog = 0;
		};
/* End PBXShellScriptBuildPhase section */

/* Begin PBXSourcesBuildPhase section */
		AC89B05625C9A48500BA2AA4 /* Sources */ = {
			isa = PBXSourcesBuildPhase;
			buildActionMask = 2147483647;
			files = (
				AC6E5EDE25CC32FF00D77430 /* RBSettingManager.m in Sources */,
				AC6E5ED125CC32FF00D77430 /* RBUtilityManager.m in Sources */,
				AC6E5F3925CC351B00D77430 /* NSKeyedUnarchiver+YYAdd.m in Sources */,
				AC6E5EDA25CC32FF00D77430 /* RBHTTPManager.m in Sources */,
				AC6E5EE125CC32FF00D77430 /* NSObject+RBAdd.m in Sources */,
				AC6E5F3D25CC351B00D77430 /* NSString+YYAdd.m in Sources */,
				AC6E5F3825CC351B00D77430 /* NSThread+YYAdd.m in Sources */,
				AC6E5EE325CC32FF00D77430 /* NSError+RBAdd.m in Sources */,
				AC6E5F3B25CC351B00D77430 /* NSObject+YYAddForARC.m in Sources */,
				AC6E5F3E25CC351B00D77430 /* NSNotificationCenter+YYAdd.m in Sources */,
				AC89B06525C9A48500BA2AA4 /* ViewController.m in Sources */,
				AC6E5EE225CC32FF00D77430 /* NSArray+RBAdd.m in Sources */,
				AC6E5F3A25CC351B00D77430 /* NSTimer+YYAdd.m in Sources */,
				AC6E5EE425CC32FF00D77430 /* NSString+RBAdd.m in Sources */,
				AC6E5F3725CC351B00D77430 /* NSData+YYAdd.m in Sources */,
				AC89B05F25C9A48500BA2AA4 /* AppDelegate.m in Sources */,
				AC6E5EE025CC32FF00D77430 /* RBSQLiteSettingManager.m in Sources */,
				AC89B07025C9A48700BA2AA4 /* main.m in Sources */,
				AC6E5EED25CC334600D77430 /* UIColor+RBAdd.m in Sources */,
				AC6E5EE525CC32FF00D77430 /* NSDictionary+RBAdd.m in Sources */,
				AC6E5ED325CC32FF00D77430 /* RBExceptionManager.m in Sources */,
				AC6E5F3525CC351B00D77430 /* NSBundle+YYAdd.m in Sources */,
				AC6E5F4025CC351B00D77430 /* NSObject+YYAddForKVO.m in Sources */,
				AC89B06225C9A48500BA2AA4 /* SceneDelegate.m in Sources */,
				AC6E5F3425CC351B00D77430 /* NSNumber+YYAdd.m in Sources */,
				AC6E5F4125CC351B00D77430 /* XMLReader.m in Sources */,
				AC6E5F3C25CC351B00D77430 /* NSDate+YYAdd.m in Sources */,
				AC6E5F3625CC351B00D77430 /* NSObject+YYAdd.m in Sources */,
				AC6E5F3325CC351B00D77430 /* NSArray+YYAdd.m in Sources */,
				AC6E5F3F25CC351B00D77430 /* NSDictionary+YYAdd.m in Sources */,
				AC6E5ED025CC32FF00D77430 /* RBFileManager.m in Sources */,
				AC6E5EDF25CC32FF00D77430 /* RBLogManager.m in Sources */,
			);
			runOnlyForDeploymentPostprocessing = 0;
		};
		AC89B07125C9A48800BA2AA4 /* Sources */ = {
			isa = PBXSourcesBuildPhase;
			buildActionMask = 2147483647;
			files = (
				AC89B07A25C9A48800BA2AA4 /* ResourceBoxTests.m in Sources */,
			);
			runOnlyForDeploymentPostprocessing = 0;
		};
		AC89B07C25C9A48800BA2AA4 /* Sources */ = {
			isa = PBXSourcesBuildPhase;
			buildActionMask = 2147483647;
			files = (
				AC89B08525C9A48800BA2AA4 /* ResourceBoxUITests.m in Sources */,
			);
			runOnlyForDeploymentPostprocessing = 0;
		};
		ACD0A22E25CAF55400DB9DA5 /* Sources */ = {
			isa = PBXSourcesBuildPhase;
			buildActionMask = 2147483647;
			files = (
				AC3820BF25CEA236004ECB23 /* RBExceptionManager.m in Sources */,
				AC3820C025CEA236004ECB23 /* RBFileManager.m in Sources */,
				AC3820C125CEA236004ECB23 /* RBLogManager.m in Sources */,
				AC3820C225CEA236004ECB23 /* RBUtilityManager.m in Sources */,
				AC3820C325CEA236004ECB23 /* RBHTTPManager.m in Sources */,
				AC3820DE25CEBC4E004ECB23 /* RBShareTextModel.m in Sources */,
				AC3820C425CEA236004ECB23 /* RBSettingManager.m in Sources */,
				AC3820C525CEA236004ECB23 /* RBSQLiteSettingManager.m in Sources */,
				AC38209D25CEA19B004ECB23 /* NSArray+YYAdd.m in Sources */,
				AC38209E25CEA19B004ECB23 /* NSBundle+YYAdd.m in Sources */,
				AC38209F25CEA19B004ECB23 /* NSData+YYAdd.m in Sources */,
				AC3820A025CEA19B004ECB23 /* NSDate+YYAdd.m in Sources */,
				AC3820A125CEA19B004ECB23 /* NSDictionary+YYAdd.m in Sources */,
				AC3820A225CEA19B004ECB23 /* NSKeyedUnarchiver+YYAdd.m in Sources */,
				AC3820A325CEA19B004ECB23 /* NSNotificationCenter+YYAdd.m in Sources */,
				AC3820A425CEA19B004ECB23 /* NSNumber+YYAdd.m in Sources */,
				AC3820A525CEA19B004ECB23 /* NSObject+YYAdd.m in Sources */,
				AC3820A625CEA19B004ECB23 /* NSObject+YYAddForARC.m in Sources */,
				AC3820A725CEA19B004ECB23 /* NSObject+YYAddForKVO.m in Sources */,
				AC3820A825CEA19B004ECB23 /* NSString+YYAdd.m in Sources */,
				AC3820A925CEA19B004ECB23 /* NSThread+YYAdd.m in Sources */,
				AC3820AA25CEA19B004ECB23 /* NSTimer+YYAdd.m in Sources */,
				AC38209325CEA191004ECB23 /* NSArray+RBAdd.m in Sources */,
				AC38209425CEA191004ECB23 /* NSDictionary+RBAdd.m in Sources */,
				AC38209525CEA191004ECB23 /* NSError+RBAdd.m in Sources */,
				AC38209625CEA191004ECB23 /* NSObject+RBAdd.m in Sources */,
				AC38209725CEA191004ECB23 /* NSString+RBAdd.m in Sources */,
				AC38209825CEA191004ECB23 /* UIColor+RBAdd.m in Sources */,
				AC6E5F9125CC4CF800D77430 /* RBShareViewController.m in Sources */,
				ACD0A23625CAF55400DB9DA5 /* ShareViewController.m in Sources */,
			);
			runOnlyForDeploymentPostprocessing = 0;
		};
/* End PBXSourcesBuildPhase section */

/* Begin PBXTargetDependency section */
		AC89B07725C9A48800BA2AA4 /* PBXTargetDependency */ = {
			isa = PBXTargetDependency;
			target = AC89B05925C9A48500BA2AA4 /* ResourceBox */;
			targetProxy = AC89B07625C9A48800BA2AA4 /* PBXContainerItemProxy */;
		};
		AC89B08225C9A48800BA2AA4 /* PBXTargetDependency */ = {
			isa = PBXTargetDependency;
			target = AC89B05925C9A48500BA2AA4 /* ResourceBox */;
			targetProxy = AC89B08125C9A48800BA2AA4 /* PBXContainerItemProxy */;
		};
		ACD0A23C25CAF55400DB9DA5 /* PBXTargetDependency */ = {
			isa = PBXTargetDependency;
			target = ACD0A23125CAF55400DB9DA5 /* RBShareExtension */;
			targetProxy = ACD0A23B25CAF55400DB9DA5 /* PBXContainerItemProxy */;
		};
/* End PBXTargetDependency section */

/* Begin PBXVariantGroup section */
		AC89B06625C9A48500BA2AA4 /* Main.storyboard */ = {
			isa = PBXVariantGroup;
			children = (
				AC89B06725C9A48500BA2AA4 /* Base */,
			);
			name = Main.storyboard;
			sourceTree = "<group>";
		};
		AC89B06B25C9A48700BA2AA4 /* LaunchScreen.storyboard */ = {
			isa = PBXVariantGroup;
			children = (
				AC89B06C25C9A48700BA2AA4 /* Base */,
			);
			name = LaunchScreen.storyboard;
			sourceTree = "<group>";
		};
		ACD0A23725CAF55400DB9DA5 /* MainInterface.storyboard */ = {
			isa = PBXVariantGroup;
			children = (
				ACD0A23825CAF55400DB9DA5 /* Base */,
			);
			name = MainInterface.storyboard;
			sourceTree = "<group>";
		};
/* End PBXVariantGroup section */

/* Begin XCBuildConfiguration section */
		AC89B08725C9A48800BA2AA4 /* Debug */ = {
			isa = XCBuildConfiguration;
			buildSettings = {
				ALWAYS_SEARCH_USER_PATHS = NO;
				CLANG_ANALYZER_NONNULL = YES;
				CLANG_ANALYZER_NUMBER_OBJECT_CONVERSION = YES_AGGRESSIVE;
				CLANG_CXX_LANGUAGE_STANDARD = "gnu++14";
				CLANG_CXX_LIBRARY = "libc++";
				CLANG_ENABLE_MODULES = YES;
				CLANG_ENABLE_OBJC_ARC = YES;
				CLANG_ENABLE_OBJC_WEAK = YES;
				CLANG_WARN_BLOCK_CAPTURE_AUTORELEASING = YES;
				CLANG_WARN_BOOL_CONVERSION = YES;
				CLANG_WARN_COMMA = YES;
				CLANG_WARN_CONSTANT_CONVERSION = YES;
				CLANG_WARN_DEPRECATED_OBJC_IMPLEMENTATIONS = YES;
				CLANG_WARN_DIRECT_OBJC_ISA_USAGE = YES_ERROR;
				CLANG_WARN_DOCUMENTATION_COMMENTS = YES;
				CLANG_WARN_EMPTY_BODY = YES;
				CLANG_WARN_ENUM_CONVERSION = YES;
				CLANG_WARN_INFINITE_RECURSION = YES;
				CLANG_WARN_INT_CONVERSION = YES;
				CLANG_WARN_NON_LITERAL_NULL_CONVERSION = YES;
				CLANG_WARN_OBJC_IMPLICIT_RETAIN_SELF = YES;
				CLANG_WARN_OBJC_LITERAL_CONVERSION = YES;
				CLANG_WARN_OBJC_ROOT_CLASS = YES_ERROR;
				CLANG_WARN_QUOTED_INCLUDE_IN_FRAMEWORK_HEADER = YES;
				CLANG_WARN_RANGE_LOOP_ANALYSIS = YES;
				CLANG_WARN_STRICT_PROTOTYPES = YES;
				CLANG_WARN_SUSPICIOUS_MOVE = YES;
				CLANG_WARN_UNGUARDED_AVAILABILITY = YES_AGGRESSIVE;
				CLANG_WARN_UNREACHABLE_CODE = YES;
				CLANG_WARN__DUPLICATE_METHOD_MATCH = YES;
				COPY_PHASE_STRIP = NO;
				DEBUG_INFORMATION_FORMAT = dwarf;
				ENABLE_STRICT_OBJC_MSGSEND = YES;
				ENABLE_TESTABILITY = YES;
				GCC_C_LANGUAGE_STANDARD = gnu11;
				GCC_DYNAMIC_NO_PIC = NO;
				GCC_NO_COMMON_BLOCKS = YES;
				GCC_OPTIMIZATION_LEVEL = 0;
				GCC_PREPROCESSOR_DEFINITIONS = (
					"DEBUG=1",
					"$(inherited)",
				);
				GCC_WARN_64_TO_32_BIT_CONVERSION = YES;
				GCC_WARN_ABOUT_RETURN_TYPE = YES_ERROR;
				GCC_WARN_UNDECLARED_SELECTOR = YES;
				GCC_WARN_UNINITIALIZED_AUTOS = YES_AGGRESSIVE;
				GCC_WARN_UNUSED_FUNCTION = YES;
				GCC_WARN_UNUSED_VARIABLE = YES;
				IPHONEOS_DEPLOYMENT_TARGET = 14.4;
				MTL_ENABLE_DEBUG_INFO = INCLUDE_SOURCE;
				MTL_FAST_MATH = YES;
				ONLY_ACTIVE_ARCH = YES;
				SDKROOT = iphoneos;
			};
			name = Debug;
		};
		AC89B08825C9A48800BA2AA4 /* Release */ = {
			isa = XCBuildConfiguration;
			buildSettings = {
				ALWAYS_SEARCH_USER_PATHS = NO;
				CLANG_ANALYZER_NONNULL = YES;
				CLANG_ANALYZER_NUMBER_OBJECT_CONVERSION = YES_AGGRESSIVE;
				CLANG_CXX_LANGUAGE_STANDARD = "gnu++14";
				CLANG_CXX_LIBRARY = "libc++";
				CLANG_ENABLE_MODULES = YES;
				CLANG_ENABLE_OBJC_ARC = YES;
				CLANG_ENABLE_OBJC_WEAK = YES;
				CLANG_WARN_BLOCK_CAPTURE_AUTORELEASING = YES;
				CLANG_WARN_BOOL_CONVERSION = YES;
				CLANG_WARN_COMMA = YES;
				CLANG_WARN_CONSTANT_CONVERSION = YES;
				CLANG_WARN_DEPRECATED_OBJC_IMPLEMENTATIONS = YES;
				CLANG_WARN_DIRECT_OBJC_ISA_USAGE = YES_ERROR;
				CLANG_WARN_DOCUMENTATION_COMMENTS = YES;
				CLANG_WARN_EMPTY_BODY = YES;
				CLANG_WARN_ENUM_CONVERSION = YES;
				CLANG_WARN_INFINITE_RECURSION = YES;
				CLANG_WARN_INT_CONVERSION = YES;
				CLANG_WARN_NON_LITERAL_NULL_CONVERSION = YES;
				CLANG_WARN_OBJC_IMPLICIT_RETAIN_SELF = YES;
				CLANG_WARN_OBJC_LITERAL_CONVERSION = YES;
				CLANG_WARN_OBJC_ROOT_CLASS = YES_ERROR;
				CLANG_WARN_QUOTED_INCLUDE_IN_FRAMEWORK_HEADER = YES;
				CLANG_WARN_RANGE_LOOP_ANALYSIS = YES;
				CLANG_WARN_STRICT_PROTOTYPES = YES;
				CLANG_WARN_SUSPICIOUS_MOVE = YES;
				CLANG_WARN_UNGUARDED_AVAILABILITY = YES_AGGRESSIVE;
				CLANG_WARN_UNREACHABLE_CODE = YES;
				CLANG_WARN__DUPLICATE_METHOD_MATCH = YES;
				COPY_PHASE_STRIP = NO;
				DEBUG_INFORMATION_FORMAT = "dwarf-with-dsym";
				ENABLE_NS_ASSERTIONS = NO;
				ENABLE_STRICT_OBJC_MSGSEND = YES;
				GCC_C_LANGUAGE_STANDARD = gnu11;
				GCC_NO_COMMON_BLOCKS = YES;
				GCC_WARN_64_TO_32_BIT_CONVERSION = YES;
				GCC_WARN_ABOUT_RETURN_TYPE = YES_ERROR;
				GCC_WARN_UNDECLARED_SELECTOR = YES;
				GCC_WARN_UNINITIALIZED_AUTOS = YES_AGGRESSIVE;
				GCC_WARN_UNUSED_FUNCTION = YES;
				GCC_WARN_UNUSED_VARIABLE = YES;
				IPHONEOS_DEPLOYMENT_TARGET = 14.4;
				MTL_ENABLE_DEBUG_INFO = NO;
				MTL_FAST_MATH = YES;
				SDKROOT = iphoneos;
				VALIDATE_PRODUCT = YES;
			};
			name = Release;
		};
		AC89B08A25C9A48800BA2AA4 /* Debug */ = {
			isa = XCBuildConfiguration;
			baseConfigurationReference = 58E18A5CB512625D10CA9A44 /* Pods-ResourceBox.debug.xcconfig */;
			buildSettings = {
				ASSETCATALOG_COMPILER_APPICON_NAME = AppIcon;
				ASSETCATALOG_COMPILER_GLOBAL_ACCENT_COLOR_NAME = AccentColor;
				CODE_SIGN_ENTITLEMENTS = ResourceBox/Resources/ResourceBox.entitlements;
				CODE_SIGN_STYLE = Automatic;
				DEVELOPMENT_TEAM = 2G352K7NR7;
				GCC_PRECOMPILE_PREFIX_HEADER = YES;
				GCC_PREFIX_HEADER = "$(SRCROOT)/ResourceBox/Resources/ResourceBox-Prefix.pch";
				INFOPLIST_FILE = ResourceBox/Resources/Info.plist;
				IPHONEOS_DEPLOYMENT_TARGET = 14.4;
				LD_RUNPATH_SEARCH_PATHS = (
					"$(inherited)",
					"@executable_path/Frameworks",
				);
				PRODUCT_BUNDLE_IDENTIFIER = com.gongyuTest.ResourceBox;
				PRODUCT_NAME = "$(TARGET_NAME)";
				TARGETED_DEVICE_FAMILY = 1;
			};
			name = Debug;
		};
		AC89B08B25C9A48800BA2AA4 /* Release */ = {
			isa = XCBuildConfiguration;
			baseConfigurationReference = 443ECD9118C6053C2785C383 /* Pods-ResourceBox.release.xcconfig */;
			buildSettings = {
				ASSETCATALOG_COMPILER_APPICON_NAME = AppIcon;
				ASSETCATALOG_COMPILER_GLOBAL_ACCENT_COLOR_NAME = AccentColor;
				CODE_SIGN_ENTITLEMENTS = ResourceBox/Resources/ResourceBox.entitlements;
				CODE_SIGN_STYLE = Automatic;
				DEVELOPMENT_TEAM = 2G352K7NR7;
				GCC_PRECOMPILE_PREFIX_HEADER = YES;
				GCC_PREFIX_HEADER = "$(SRCROOT)/ResourceBox/Resources/ResourceBox-Prefix.pch";
				INFOPLIST_FILE = ResourceBox/Resources/Info.plist;
				IPHONEOS_DEPLOYMENT_TARGET = 14.4;
				LD_RUNPATH_SEARCH_PATHS = (
					"$(inherited)",
					"@executable_path/Frameworks",
				);
				PRODUCT_BUNDLE_IDENTIFIER = com.gongyuTest.ResourceBox;
				PRODUCT_NAME = "$(TARGET_NAME)";
				TARGETED_DEVICE_FAMILY = 1;
			};
			name = Release;
		};
		AC89B08D25C9A48800BA2AA4 /* Debug */ = {
			isa = XCBuildConfiguration;
			buildSettings = {
				BUNDLE_LOADER = "$(TEST_HOST)";
				CODE_SIGN_STYLE = Automatic;
				DEVELOPMENT_TEAM = 2G352K7NR7;
				INFOPLIST_FILE = ResourceBoxTests/Info.plist;
				IPHONEOS_DEPLOYMENT_TARGET = 14.3;
				LD_RUNPATH_SEARCH_PATHS = (
					"$(inherited)",
					"@executable_path/Frameworks",
					"@loader_path/Frameworks",
				);
				PRODUCT_BUNDLE_IDENTIFIER = com.gongyuTest.ResourceBoxTests;
				PRODUCT_NAME = "$(TARGET_NAME)";
				TARGETED_DEVICE_FAMILY = "1,2";
				TEST_HOST = "$(BUILT_PRODUCTS_DIR)/ResourceBox.app/ResourceBox";
			};
			name = Debug;
		};
		AC89B08E25C9A48800BA2AA4 /* Release */ = {
			isa = XCBuildConfiguration;
			buildSettings = {
				BUNDLE_LOADER = "$(TEST_HOST)";
				CODE_SIGN_STYLE = Automatic;
				DEVELOPMENT_TEAM = 2G352K7NR7;
				INFOPLIST_FILE = ResourceBoxTests/Info.plist;
				IPHONEOS_DEPLOYMENT_TARGET = 14.3;
				LD_RUNPATH_SEARCH_PATHS = (
					"$(inherited)",
					"@executable_path/Frameworks",
					"@loader_path/Frameworks",
				);
				PRODUCT_BUNDLE_IDENTIFIER = com.gongyuTest.ResourceBoxTests;
				PRODUCT_NAME = "$(TARGET_NAME)";
				TARGETED_DEVICE_FAMILY = "1,2";
				TEST_HOST = "$(BUILT_PRODUCTS_DIR)/ResourceBox.app/ResourceBox";
			};
			name = Release;
		};
		AC89B09025C9A48800BA2AA4 /* Debug */ = {
			isa = XCBuildConfiguration;
			buildSettings = {
				CODE_SIGN_STYLE = Automatic;
				DEVELOPMENT_TEAM = 2G352K7NR7;
				INFOPLIST_FILE = ResourceBoxUITests/Info.plist;
				LD_RUNPATH_SEARCH_PATHS = (
					"$(inherited)",
					"@executable_path/Frameworks",
					"@loader_path/Frameworks",
				);
				PRODUCT_BUNDLE_IDENTIFIER = com.gongyuTest.ResourceBoxUITests;
				PRODUCT_NAME = "$(TARGET_NAME)";
				TARGETED_DEVICE_FAMILY = "1,2";
				TEST_TARGET_NAME = ResourceBox;
			};
			name = Debug;
		};
		AC89B09125C9A48800BA2AA4 /* Release */ = {
			isa = XCBuildConfiguration;
			buildSettings = {
				CODE_SIGN_STYLE = Automatic;
				DEVELOPMENT_TEAM = 2G352K7NR7;
				INFOPLIST_FILE = ResourceBoxUITests/Info.plist;
				LD_RUNPATH_SEARCH_PATHS = (
					"$(inherited)",
					"@executable_path/Frameworks",
					"@loader_path/Frameworks",
				);
				PRODUCT_BUNDLE_IDENTIFIER = com.gongyuTest.ResourceBoxUITests;
				PRODUCT_NAME = "$(TARGET_NAME)";
				TARGETED_DEVICE_FAMILY = "1,2";
				TEST_TARGET_NAME = ResourceBox;
			};
			name = Release;
		};
		ACD0A23F25CAF55400DB9DA5 /* Debug */ = {
			isa = XCBuildConfiguration;
			baseConfigurationReference = 58913FA3D7E31C8C4431D386 /* Pods-RBShareExtension.debug.xcconfig */;
			buildSettings = {
				CODE_SIGN_ENTITLEMENTS = RBShareExtension/RBShareExtension.entitlements;
				CODE_SIGN_STYLE = Automatic;
				DEVELOPMENT_TEAM = 2G352K7NR7;
				GCC_PRECOMPILE_PREFIX_HEADER = YES;
				GCC_PREFIX_HEADER = "$(SRCROOT)/RBShareExtension/RBShareExtension-Prefix.pch";
				INFOPLIST_FILE = RBShareExtension/Info.plist;
				IPHONEOS_DEPLOYMENT_TARGET = 14.4;
				LD_RUNPATH_SEARCH_PATHS = (
					"$(inherited)",
					"@executable_path/Frameworks",
					"@executable_path/../../Frameworks",
				);
				PRODUCT_BUNDLE_IDENTIFIER = com.gongyuTest.ResourceBox.RBShareExtension;
				PRODUCT_NAME = "$(TARGET_NAME)";
				SKIP_INSTALL = YES;
				TARGETED_DEVICE_FAMILY = 1;
			};
			name = Debug;
		};
		ACD0A24025CAF55400DB9DA5 /* Release */ = {
			isa = XCBuildConfiguration;
			baseConfigurationReference = E8C7A9CDDB30630088DE335A /* Pods-RBShareExtension.release.xcconfig */;
			buildSettings = {
				CODE_SIGN_ENTITLEMENTS = RBShareExtension/RBShareExtension.entitlements;
				CODE_SIGN_STYLE = Automatic;
				DEVELOPMENT_TEAM = 2G352K7NR7;
				GCC_PRECOMPILE_PREFIX_HEADER = YES;
				GCC_PREFIX_HEADER = "$(SRCROOT)/RBShareExtension/RBShareExtension-Prefix.pch";
				INFOPLIST_FILE = RBShareExtension/Info.plist;
				IPHONEOS_DEPLOYMENT_TARGET = 14.4;
				LD_RUNPATH_SEARCH_PATHS = (
					"$(inherited)",
					"@executable_path/Frameworks",
					"@executable_path/../../Frameworks",
				);
				PRODUCT_BUNDLE_IDENTIFIER = com.gongyuTest.ResourceBox.RBShareExtension;
				PRODUCT_NAME = "$(TARGET_NAME)";
				SKIP_INSTALL = YES;
				TARGETED_DEVICE_FAMILY = 1;
			};
			name = Release;
		};
/* End XCBuildConfiguration section */

/* Begin XCConfigurationList section */
		AC89B05525C9A48500BA2AA4 /* Build configuration list for PBXProject "ResourceBox" */ = {
			isa = XCConfigurationList;
			buildConfigurations = (
				AC89B08725C9A48800BA2AA4 /* Debug */,
				AC89B08825C9A48800BA2AA4 /* Release */,
			);
			defaultConfigurationIsVisible = 0;
			defaultConfigurationName = Release;
		};
		AC89B08925C9A48800BA2AA4 /* Build configuration list for PBXNativeTarget "ResourceBox" */ = {
			isa = XCConfigurationList;
			buildConfigurations = (
				AC89B08A25C9A48800BA2AA4 /* Debug */,
				AC89B08B25C9A48800BA2AA4 /* Release */,
			);
			defaultConfigurationIsVisible = 0;
			defaultConfigurationName = Release;
		};
		AC89B08C25C9A48800BA2AA4 /* Build configuration list for PBXNativeTarget "ResourceBoxTests" */ = {
			isa = XCConfigurationList;
			buildConfigurations = (
				AC89B08D25C9A48800BA2AA4 /* Debug */,
				AC89B08E25C9A48800BA2AA4 /* Release */,
			);
			defaultConfigurationIsVisible = 0;
			defaultConfigurationName = Release;
		};
		AC89B08F25C9A48800BA2AA4 /* Build configuration list for PBXNativeTarget "ResourceBoxUITests" */ = {
			isa = XCConfigurationList;
			buildConfigurations = (
				AC89B09025C9A48800BA2AA4 /* Debug */,
				AC89B09125C9A48800BA2AA4 /* Release */,
			);
			defaultConfigurationIsVisible = 0;
			defaultConfigurationName = Release;
		};
		ACD0A23E25CAF55400DB9DA5 /* Build configuration list for PBXNativeTarget "RBShareExtension" */ = {
			isa = XCConfigurationList;
			buildConfigurations = (
				ACD0A23F25CAF55400DB9DA5 /* Debug */,
				ACD0A24025CAF55400DB9DA5 /* Release */,
			);
			defaultConfigurationIsVisible = 0;
			defaultConfigurationName = Release;
		};
/* End XCConfigurationList section */
	};
	rootObject = AC89B05225C9A48500BA2AA4 /* Project object */;
}
